{
  "name": "obj_to_arr",
  "version": "1.0.0",
  "lockfileVersion": 2,
  "requires": true,
  "packages": {
    "": {
      "name": "obj_to_arr",
      "version": "1.0.0",
      "license": "ISC",
      "dependencies": {
        "assimpjs": "^0.0.10"
      }
    },
    "node_modules/assimpjs": {
      "version": "0.0.10",
      "resolved": "https://registry.npmjs.org/assimpjs/-/assimpjs-0.0.10.tgz",
      "integrity": "sha512-iY8M+eQzdCvfSkdduj6sPmIbP2fIn40PK6JRrAMxBawL3tHG6Mm0qvitkxB3ZoFBug5o7IdbzQK+jujZTopGPQ=="
    }
  },
  "dependencies": {
    "assimpjs": {
      "version": "0.0.10",
      "resolved": "https://registry.npmjs.org/assimpjs/-/assimpjs-0.0.10.tgz",
      "integrity": "sha512-iY8M+eQzdCvfSkdduj6sPmIbP2fIn40PK6JRrAMxBawL3tHG6Mm0qvitkxB3ZoFBug5o7IdbzQK+jujZTopGPQ=="
    }
  }
}
